
Microsoft Visual Studio Solution File, Format Version 12.00
# Visual Studio Version 17
VisualStudioVersion = 17.9.34723.18
MinimumVisualStudioVersion = 10.0.40219.1
Project("{2150E333-8FDC-42A3-9474-1A3956D46DE8}") = "Tests", "Tests", "{7404A3C2-96DA-4D53-B358-BDBAB1B62CF9}"
EndProject
Project("{2150E333-8FDC-42A3-9474-1A3956D46DE8}") = "Src", "Src", "{CCA1F008-9289-429B-8FB5-7A38B1B88049}"
EndProject
Project("{9A19103F-16F7-4668-BE54-9A1E7A4F7556}") = "Ethik.Utility.Api", "Src\Ethik.Utility.Api\Ethik.Utility.Api.csproj", "{351D05B4-975C-44E8-A126-0F24E6D9D99B}"
EndProject
Project("{9A19103F-16F7-4668-BE54-9A1E7A4F7556}") = "Ethik.Utility.Data", "Src\Ethik.Utility.Data\Ethik.Utility.Data.csproj", "{025143E5-4296-4CF3-A8E8-59A858F2C58B}"
EndProject
Project("{9A19103F-16F7-4668-BE54-9A1E7A4F7556}") = "Ethik.Utility.Security", "Src\Ethik.Utility.Security\Ethik.Utility.Security.csproj", "{43400511-D2D7-4A19-8484-96E2F8F0422C}"
EndProject
Project("{9A19103F-16F7-4668-BE54-9A1E7A4F7556}") = "Ethik.Utility.Common", "Src\Ethik.Utility.Common\Ethik.Utility.Common.csproj", "{697282BB-03B7-4FA1-821A-378D614207C0}"
EndProject
Project("{9A19103F-16F7-4668-BE54-9A1E7A4F7556}") = "Ethik.Utility.SecurityTests", "Tests\Ethik.Utility.SecurityTests\Ethik.Utility.SecurityTests.csproj", "{4314A022-2F6E-498C-A382-7759E9C69799}"
EndProject
Project("{9A19103F-16F7-4668-BE54-9A1E7A4F7556}") = "Ethik.Utility.DataTests", "Tests\Ethik.Utility.DataTests\Ethik.Utility.DataTests.csproj", "{3D1AAE6E-FFF8-4F64-BD4C-83C9413F5625}"
EndProject
Project("{FAE04EC0-301F-11D3-BF4B-00C04F79EFBC}") = "Ethik.Utility.CommonTests", "Tests\Ethik.Utility.CommonTests\Ethik.Utility.CommonTests.csproj", "{FC68C3E0-2D14-486B-BB45-6544D2880ABA}"
EndProject
Project("{FAE04EC0-301F-11D3-BF4B-00C04F79EFBC}") = "Ethik.Utility.ApiTests", "Tests\Ethik.Utility.ApiTests\Ethik.Utility.ApiTests.csproj", "{E7683DCF-92AE-47CB-82E8-3106C49DA478}"
EndProject
Project("{FAE04EC0-301F-11D3-BF4B-00C04F79EFBC}") = "Ethik.Utility.CQRS", "Src\Ethik.Utility.CQRS\Ethik.Utility.CQRS.csproj", "{5FCC7709-E7C3-4571-8F9B-945E71CFA80B}"
EndProject
Project("{FAE04EC0-301F-11D3-BF4B-00C04F79EFBC}") = "Ethik.Utility.Messaging", "Src\Ethik.Utility.Messaging\Ethik.Utility.Messaging.csproj", "{9D606CD3-2BE1-47BB-B412-1FF18ED3E069}"
EndProject
Global
	GlobalSection(SolutionConfigurationPlatforms) = preSolution
		Debug|Any CPU = Debug|Any CPU
		Release|Any CPU = Release|Any CPU
	EndGlobalSection
	GlobalSection(ProjectConfigurationPlatforms) = postSolution
		{351D05B4-975C-44E8-A126-0F24E6D9D99B}.Debug|Any CPU.ActiveCfg = Debug|Any CPU
		{351D05B4-975C-44E8-A126-0F24E6D9D99B}.Debug|Any CPU.Build.0 = Debug|Any CPU
		{351D05B4-975C-44E8-A126-0F24E6D9D99B}.Release|Any CPU.ActiveCfg = Release|Any CPU
		{351D05B4-975C-44E8-A126-0F24E6D9D99B}.Release|Any CPU.Build.0 = Release|Any CPU
		{025143E5-4296-4CF3-A8E8-59A858F2C58B}.Debug|Any CPU.ActiveCfg = Debug|Any CPU
		{025143E5-4296-4CF3-A8E8-59A858F2C58B}.Debug|Any CPU.Build.0 = Debug|Any CPU
		{025143E5-4296-4CF3-A8E8-59A858F2C58B}.Release|Any CPU.ActiveCfg = Release|Any CPU
		{025143E5-4296-4CF3-A8E8-59A858F2C58B}.Release|Any CPU.Build.0 = Release|Any CPU
		{43400511-D2D7-4A19-8484-96E2F8F0422C}.Debug|Any CPU.ActiveCfg = Debug|Any CPU
		{43400511-D2D7-4A19-8484-96E2F8F0422C}.Debug|Any CPU.Build.0 = Debug|Any CPU
		{43400511-D2D7-4A19-8484-96E2F8F0422C}.Release|Any CPU.ActiveCfg = Release|Any CPU
		{43400511-D2D7-4A19-8484-96E2F8F0422C}.Release|Any CPU.Build.0 = Release|Any CPU
		{697282BB-03B7-4FA1-821A-378D614207C0}.Debug|Any CPU.ActiveCfg = Debug|Any CPU
		{697282BB-03B7-4FA1-821A-378D614207C0}.Debug|Any CPU.Build.0 = Debug|Any CPU
		{697282BB-03B7-4FA1-821A-378D614207C0}.Release|Any CPU.ActiveCfg = Release|Any CPU
		{697282BB-03B7-4FA1-821A-378D614207C0}.Release|Any CPU.Build.0 = Release|Any CPU
		{4314A022-2F6E-498C-A382-7759E9C69799}.Debug|Any CPU.ActiveCfg = Debug|Any CPU
		{4314A022-2F6E-498C-A382-7759E9C69799}.Debug|Any CPU.Build.0 = Debug|Any CPU
		{4314A022-2F6E-498C-A382-7759E9C69799}.Release|Any CPU.ActiveCfg = Release|Any CPU
		{4314A022-2F6E-498C-A382-7759E9C69799}.Release|Any CPU.Build.0 = Release|Any CPU
		{3D1AAE6E-FFF8-4F64-BD4C-83C9413F5625}.Debug|Any CPU.ActiveCfg = Debug|Any CPU
		{3D1AAE6E-FFF8-4F64-BD4C-83C9413F5625}.Debug|Any CPU.Build.0 = Debug|Any CPU
		{3D1AAE6E-FFF8-4F64-BD4C-83C9413F5625}.Release|Any CPU.ActiveCfg = Release|Any CPU
		{3D1AAE6E-FFF8-4F64-BD4C-83C9413F5625}.Release|Any CPU.Build.0 = Release|Any CPU
		{FC68C3E0-2D14-486B-BB45-6544D2880ABA}.Debug|Any CPU.ActiveCfg = Debug|Any CPU
		{FC68C3E0-2D14-486B-BB45-6544D2880ABA}.Debug|Any CPU.Build.0 = Debug|Any CPU
		{FC68C3E0-2D14-486B-BB45-6544D2880ABA}.Release|Any CPU.ActiveCfg = Release|Any CPU
		{FC68C3E0-2D14-486B-BB45-6544D2880ABA}.Release|Any CPU.Build.0 = Release|Any CPU
		{E7683DCF-92AE-47CB-82E8-3106C49DA478}.Debug|Any CPU.ActiveCfg = Debug|Any CPU
		{E7683DCF-92AE-47CB-82E8-3106C49DA478}.Debug|Any CPU.Build.0 = Debug|Any CPU
		{E7683DCF-92AE-47CB-82E8-3106C49DA478}.Release|Any CPU.ActiveCfg = Release|Any CPU
		{E7683DCF-92AE-47CB-82E8-3106C49DA478}.Release|Any CPU.Build.0 = Release|Any CPU
		{5FCC7709-E7C3-4571-8F9B-945E71CFA80B}.Debug|Any CPU.ActiveCfg = Debug|Any CPU
		{5FCC7709-E7C3-4571-8F9B-945E71CFA80B}.Debug|Any CPU.Build.0 = Debug|Any CPU
		{5FCC7709-E7C3-4571-8F9B-945E71CFA80B}.Release|Any CPU.ActiveCfg = Release|Any CPU
		{5FCC7709-E7C3-4571-8F9B-945E71CFA80B}.Release|Any CPU.Build.0 = Release|Any CPU
		{9D606CD3-2BE1-47BB-B412-1FF18ED3E069}.Debug|Any CPU.ActiveCfg = Debug|Any CPU
		{9D606CD3-2BE1-47BB-B412-1FF18ED3E069}.Debug|Any CPU.Build.0 = Debug|Any CPU
		{9D606CD3-2BE1-47BB-B412-1FF18ED3E069}.Release|Any CPU.ActiveCfg = Release|Any CPU
		{9D606CD3-2BE1-47BB-B412-1FF18ED3E069}.Release|Any CPU.Build.0 = Release|Any CPU
	EndGlobalSection
	GlobalSection(SolutionProperties) = preSolution
		HideSolutionNode = FALSE
	EndGlobalSection
	GlobalSection(NestedProjects) = preSolution
		{351D05B4-975C-44E8-A126-0F24E6D9D99B} = {CCA1F008-9289-429B-8FB5-7A38B1B88049}
		{025143E5-4296-4CF3-A8E8-59A858F2C58B} = {CCA1F008-9289-429B-8FB5-7A38B1B88049}
		{43400511-D2D7-4A19-8484-96E2F8F0422C} = {CCA1F008-9289-429B-8FB5-7A38B1B88049}
		{697282BB-03B7-4FA1-821A-378D614207C0} = {CCA1F008-9289-429B-8FB5-7A38B1B88049}
		{4314A022-2F6E-498C-A382-7759E9C69799} = {7404A3C2-96DA-4D53-B358-BDBAB1B62CF9}
		{3D1AAE6E-FFF8-4F64-BD4C-83C9413F5625} = {7404A3C2-96DA-4D53-B358-BDBAB1B62CF9}
		{FC68C3E0-2D14-486B-BB45-6544D2880ABA} = {7404A3C2-96DA-4D53-B358-BDBAB1B62CF9}
		{E7683DCF-92AE-47CB-82E8-3106C49DA478} = {7404A3C2-96DA-4D53-B358-BDBAB1B62CF9}
		{5FCC7709-E7C3-4571-8F9B-945E71CFA80B} = {CCA1F008-9289-429B-8FB5-7A38B1B88049}
		{9D606CD3-2BE1-47BB-B412-1FF18ED3E069} = {CCA1F008-9289-429B-8FB5-7A38B1B88049}
	EndGlobalSection
	GlobalSection(ExtensibilityGlobals) = postSolution
		SolutionGuid = {63B45311-391A-4726-8BAC-DD3BE306898A}
	EndGlobalSection
EndGlobal
